
Microsoft Visual Studio Solution File, Format Version 12.00
# Visual Studio Version 16
VisualStudioVersion = 16.0.33328.57
MinimumVisualStudioVersion = 10.0.40219.1
Project("{FAE04EC0-301F-11D3-BF4B-00C04F79EFBC}") = "Strings1", "Strings1\Strings1.csproj", "{A3491839-B690-458B-AC19-9B9806C892D4}"
EndProject
Global
	GlobalSection(SolutionConfigurationPlatforms) = preSolution
		Debug|Any CPU = Debug|Any CPU
		Release|Any CPU = Release|Any CPU
	EndGlobalSection
	GlobalSection(ProjectConfigurationPlatforms) = postSolution
		{A3491839-B690-458B-AC19-9B9806C892D4}.Debug|Any CPU.ActiveCfg = Debug|Any CPU
		{A3491839-B690-458B-AC19-9B9806C892D4}.Debug|Any CPU.Build.0 = Debug|Any CPU
		{A3491839-B690-458B-AC19-9B9806C892D4}.Release|Any CPU.ActiveCfg = Release|Any CPU
		{A3491839-B690-458B-AC19-9B9806C892D4}.Release|Any CPU.Build.0 = Release|Any CPU
	EndGlobalSection
	GlobalSection(SolutionProperties) = preSolution
		HideSolutionNode = FALSE
	EndGlobalSection
	GlobalSection(ExtensibilityGlobals) = postSolution
		SolutionGuid = {D6D18E99-3B82-4C64-86AE-99A36EE780A8}
	EndGlobalSection
EndGlobal
