
Microsoft Visual Studio Solution File, Format Version 12.00
# Visual Studio Version 16
VisualStudioVersion = 16.0.33423.256
MinimumVisualStudioVersion = 10.0.40219.1
Project("{FAE04EC0-301F-11D3-BF4B-00C04F79EFBC}") = "Exe_Operadores_Atribuicao", "Exe_Operadores_Atribuicao\Exe_Operadores_Atribuicao.csproj", "{46F5971D-BF0A-4149-B53B-5F4CB99FB832}"
EndProject
Global
	GlobalSection(SolutionConfigurationPlatforms) = preSolution
		Debug|Any CPU = Debug|Any CPU
		Release|Any CPU = Release|Any CPU
	EndGlobalSection
	GlobalSection(ProjectConfigurationPlatforms) = postSolution
		{46F5971D-BF0A-4149-B53B-5F4CB99FB832}.Debug|Any CPU.ActiveCfg = Debug|Any CPU
		{46F5971D-BF0A-4149-B53B-5F4CB99FB832}.Debug|Any CPU.Build.0 = Debug|Any CPU
		{46F5971D-BF0A-4149-B53B-5F4CB99FB832}.Release|Any CPU.ActiveCfg = Release|Any CPU
		{46F5971D-BF0A-4149-B53B-5F4CB99FB832}.Release|Any CPU.Build.0 = Release|Any CPU
	EndGlobalSection
	GlobalSection(SolutionProperties) = preSolution
		HideSolutionNode = FALSE
	EndGlobalSection
	GlobalSection(ExtensibilityGlobals) = postSolution
		SolutionGuid = {B06AF1BA-2964-41CB-AE9B-9CB68CE11D9E}
	EndGlobalSection
EndGlobal
