
Microsoft Visual Studio Solution File, Format Version 12.00
# Visual Studio Version 16
VisualStudioVersion = 16.0.33423.256
MinimumVisualStudioVersion = 10.0.40219.1
Project("{FAE04EC0-301F-11D3-BF4B-00C04F79EFBC}") = "Exe.SaidadeDados", "Exe.SaidadeDados\Exe.SaidadeDados.csproj", "{B34CBDD1-7028-4AF9-8D4F-CB9B0D1F32C6}"
EndProject
Global
	GlobalSection(SolutionConfigurationPlatforms) = preSolution
		Debug|Any CPU = Debug|Any CPU
		Release|Any CPU = Release|Any CPU
	EndGlobalSection
	GlobalSection(ProjectConfigurationPlatforms) = postSolution
		{B34CBDD1-7028-4AF9-8D4F-CB9B0D1F32C6}.Debug|Any CPU.ActiveCfg = Debug|Any CPU
		{B34CBDD1-7028-4AF9-8D4F-CB9B0D1F32C6}.Debug|Any CPU.Build.0 = Debug|Any CPU
		{B34CBDD1-7028-4AF9-8D4F-CB9B0D1F32C6}.Release|Any CPU.ActiveCfg = Release|Any CPU
		{B34CBDD1-7028-4AF9-8D4F-CB9B0D1F32C6}.Release|Any CPU.Build.0 = Release|Any CPU
	EndGlobalSection
	GlobalSection(SolutionProperties) = preSolution
		HideSolutionNode = FALSE
	EndGlobalSection
	GlobalSection(ExtensibilityGlobals) = postSolution
		SolutionGuid = {719572D3-284C-4612-B855-DE5E25317EC8}
	EndGlobalSection
EndGlobal
